// !$*UTF8*$!
{
	archiveVersion = 1;
	classes = {
	};
	objectVersion = 55;
	objects = {

/* Begin PBXBuildFile section */
		341AE071282C486700BE3B10 /* DataManager.swift in Sources */ = {isa = PBXBuildFile; fileRef = 341AE070282C486700BE3B10 /* DataManager.swift */; };
		341AE073282C4B6B00BE3B10 /* Recipe.swift in Sources */ = {isa = PBXBuildFile; fileRef = 341AE072282C4B6B00BE3B10 /* Recipe.swift */; };
		341AE078282C50B500BE3B10 /* Recipes.json in Resources */ = {isa = PBXBuildFile; fileRef = 341AE077282C50B500BE3B10 /* Recipes.json */; };
		344099FE2826E19A0065FFC9 /* AppDelegate.swift in Sources */ = {isa = PBXBuildFile; fileRef = 344099FD2826E19A0065FFC9 /* AppDelegate.swift */; };
		34409A002826E19A0065FFC9 /* SceneDelegate.swift in Sources */ = {isa = PBXBuildFile; fileRef = 344099FF2826E19A0065FFC9 /* SceneDelegate.swift */; };
		34409A022826E19A0065FFC9 /* ViewController.swift in Sources */ = {isa = PBXBuildFile; fileRef = 34409A012826E19A0065FFC9 /* ViewController.swift */; };
		34409A052826E19A0065FFC9 /* Main.storyboard in Resources */ = {isa = PBXBuildFile; fileRef = 34409A032826E19A0065FFC9 /* Main.storyboard */; };
		34409A072826E19C0065FFC9 /* Assets.xcassets in Resources */ = {isa = PBXBuildFile; fileRef = 34409A062826E19C0065FFC9 /* Assets.xcassets */; };
		34409A0A2826E19C0065FFC9 /* LaunchScreen.storyboard in Resources */ = {isa = PBXBuildFile; fileRef = 34409A082826E19C0065FFC9 /* LaunchScreen.storyboard */; };
		34409A152826E19C0065FFC9 /* Cooking_With_MarthaTests.swift in Sources */ = {isa = PBXBuildFile; fileRef = 34409A142826E19C0065FFC9 /* Cooking_With_MarthaTests.swift */; };
		34409A1F2826E19C0065FFC9 /* Cooking_With_MarthaUITests.swift in Sources */ = {isa = PBXBuildFile; fileRef = 34409A1E2826E19C0065FFC9 /* Cooking_With_MarthaUITests.swift */; };
		34409A212826E19C0065FFC9 /* Cooking_With_MarthaUITestsLaunchTests.swift in Sources */ = {isa = PBXBuildFile; fileRef = 34409A202826E19C0065FFC9 /* Cooking_With_MarthaUITestsLaunchTests.swift */; };
		34846AA12842191D00BA5CF7 /* DeleteViewController.swift in Sources */ = {isa = PBXBuildFile; fileRef = 34846AA02842191D00BA5CF7 /* DeleteViewController.swift */; };
		349299B328475C6C0090C390 /* CategoryCollectionViewCell.swift in Sources */ = {isa = PBXBuildFile; fileRef = 349299B128475C6C0090C390 /* CategoryCollectionViewCell.swift */; };
		349299B428475C6C0090C390 /* CategoryCollectionViewCell.xib in Resources */ = {isa = PBXBuildFile; fileRef = 349299B228475C6C0090C390 /* CategoryCollectionViewCell.xib */; };
		34D157DD2826FC2A006E5367 /* MonteCarlo-Regular.ttf in Resources */ = {isa = PBXBuildFile; fileRef = 34D157DC2826FC2A006E5367 /* MonteCarlo-Regular.ttf */; };
		34D157DF28280316006E5367 /* Item.swift in Sources */ = {isa = PBXBuildFile; fileRef = 34D157DE28280316006E5367 /* Item.swift */; };
		34D157E628283443006E5367 /* Nuke in Frameworks */ = {isa = PBXBuildFile; productRef = 34D157E528283443006E5367 /* Nuke */; };
		34D2823428318AC1004FE7DF /* AddViewControllerUITests.swift in Sources */ = {isa = PBXBuildFile; fileRef = 34D2823328318AC1004FE7DF /* AddViewControllerUITests.swift */; };
		34F32387282D7699000F1B4C /* CaveatBrush-Regular.ttf in Resources */ = {isa = PBXBuildFile; fileRef = 34F32386282D7699000F1B4C /* CaveatBrush-Regular.ttf */; };
		34F32389282EAD10000F1B4C /* AddViewController.swift in Sources */ = {isa = PBXBuildFile; fileRef = 34F32388282EAD10000F1B4C /* AddViewController.swift */; };
		94779C7D3313D24EB32BCEA3 /* Pods_Cooking_With_MarthaTests.framework in Frameworks */ = {isa = PBXBuildFile; fileRef = E1CDE6603DAA7C835118EB23 /* Pods_Cooking_With_MarthaTests.framework */; };
		A20789ADC283BB58FE1CA7A8 /* Pods_Cooking_With_Martha_Cooking_With_MarthaUITests.framework in Frameworks */ = {isa = PBXBuildFile; fileRef = A3E91DCD48E628C0F72DA53E /* Pods_Cooking_With_Martha_Cooking_With_MarthaUITests.framework */; };
		A6755A1659420C8C071FBE92 /* Pods_Cooking_With_Martha.framework in Frameworks */ = {isa = PBXBuildFile; fileRef = 635399DFA37F0F8CD448FE84 /* Pods_Cooking_With_Martha.framework */; };
/* End PBXBuildFile section */

/* Begin PBXContainerItemProxy section */
		34409A112826E19C0065FFC9 /* PBXContainerItemProxy */ = {
			isa = PBXContainerItemProxy;
			containerPortal = 344099F22826E19A0065FFC9 /* Project object */;
			proxyType = 1;
			remoteGlobalIDString = 344099F92826E19A0065FFC9;
			remoteInfo = "Cooking With Martha";
		};
		34409A1B2826E19C0065FFC9 /* PBXContainerItemProxy */ = {
			isa = PBXContainerItemProxy;
			containerPortal = 344099F22826E19A0065FFC9 /* Project object */;
			proxyType = 1;
			remoteGlobalIDString = 344099F92826E19A0065FFC9;
			remoteInfo = "Cooking With Martha";
		};
/* End PBXContainerItemProxy section */

/* Begin PBXFileReference section */
		341AE070282C486700BE3B10 /* DataManager.swift */ = {isa = PBXFileReference; lastKnownFileType = sourcecode.swift; path = DataManager.swift; sourceTree = "<group>"; };
		341AE072282C4B6B00BE3B10 /* Recipe.swift */ = {isa = PBXFileReference; lastKnownFileType = sourcecode.swift; path = Recipe.swift; sourceTree = "<group>"; };
		341AE077282C50B500BE3B10 /* Recipes.json */ = {isa = PBXFileReference; lastKnownFileType = text.json; path = Recipes.json; sourceTree = "<group>"; xcLanguageSpecificationIdentifier = xcode.lang.json; };
		344099FA2826E19A0065FFC9 /* Cooking With Martha.app */ = {isa = PBXFileReference; explicitFileType = wrapper.application; includeInIndex = 0; path = "Cooking With Martha.app"; sourceTree = BUILT_PRODUCTS_DIR; };
		344099FD2826E19A0065FFC9 /* AppDelegate.swift */ = {isa = PBXFileReference; lastKnownFileType = sourcecode.swift; path = AppDelegate.swift; sourceTree = "<group>"; };
		344099FF2826E19A0065FFC9 /* SceneDelegate.swift */ = {isa = PBXFileReference; lastKnownFileType = sourcecode.swift; path = SceneDelegate.swift; sourceTree = "<group>"; };
		34409A012826E19A0065FFC9 /* ViewController.swift */ = {isa = PBXFileReference; lastKnownFileType = sourcecode.swift; path = ViewController.swift; sourceTree = "<group>"; };
		34409A042826E19A0065FFC9 /* Base */ = {isa = PBXFileReference; lastKnownFileType = file.storyboard; name = Base; path = Base.lproj/Main.storyboard; sourceTree = "<group>"; };
		34409A062826E19C0065FFC9 /* Assets.xcassets */ = {isa = PBXFileReference; lastKnownFileType = folder.assetcatalog; path = Assets.xcassets; sourceTree = "<group>"; };
		34409A092826E19C0065FFC9 /* Base */ = {isa = PBXFileReference; lastKnownFileType = file.storyboard; name = Base; path = Base.lproj/LaunchScreen.storyboard; sourceTree = "<group>"; };
		34409A0B2826E19C0065FFC9 /* Info.plist */ = {isa = PBXFileReference; lastKnownFileType = text.plist.xml; path = Info.plist; sourceTree = "<group>"; };
		34409A102826E19C0065FFC9 /* Cooking With MarthaTests.xctest */ = {isa = PBXFileReference; explicitFileType = wrapper.cfbundle; includeInIndex = 0; path = "Cooking With MarthaTests.xctest"; sourceTree = BUILT_PRODUCTS_DIR; };
		34409A142826E19C0065FFC9 /* Cooking_With_MarthaTests.swift */ = {isa = PBXFileReference; lastKnownFileType = sourcecode.swift; path = Cooking_With_MarthaTests.swift; sourceTree = "<group>"; };
		34409A1A2826E19C0065FFC9 /* Cooking With MarthaUITests.xctest */ = {isa = PBXFileReference; explicitFileType = wrapper.cfbundle; includeInIndex = 0; path = "Cooking With MarthaUITests.xctest"; sourceTree = BUILT_PRODUCTS_DIR; };
		34409A1E2826E19C0065FFC9 /* Cooking_With_MarthaUITests.swift */ = {isa = PBXFileReference; lastKnownFileType = sourcecode.swift; path = Cooking_With_MarthaUITests.swift; sourceTree = "<group>"; };
		34409A202826E19C0065FFC9 /* Cooking_With_MarthaUITestsLaunchTests.swift */ = {isa = PBXFileReference; lastKnownFileType = sourcecode.swift; path = Cooking_With_MarthaUITestsLaunchTests.swift; sourceTree = "<group>"; };
		34409A2D2826E23A0065FFC9 /* README.md */ = {isa = PBXFileReference; lastKnownFileType = net.daringfireball.markdown; path = README.md; sourceTree = "<group>"; };
		34846AA02842191D00BA5CF7 /* DeleteViewController.swift */ = {isa = PBXFileReference; lastKnownFileType = sourcecode.swift; path = DeleteViewController.swift; sourceTree = "<group>"; };
		349299B128475C6C0090C390 /* CategoryCollectionViewCell.swift */ = {isa = PBXFileReference; lastKnownFileType = sourcecode.swift; path = CategoryCollectionViewCell.swift; sourceTree = "<group>"; };
		349299B228475C6C0090C390 /* CategoryCollectionViewCell.xib */ = {isa = PBXFileReference; lastKnownFileType = file.xib; path = CategoryCollectionViewCell.xib; sourceTree = "<group>"; };
		34D157DC2826FC2A006E5367 /* MonteCarlo-Regular.ttf */ = {isa = PBXFileReference; lastKnownFileType = file; name = "MonteCarlo-Regular.ttf"; path = "../MonteCarlo-Regular.ttf"; sourceTree = "<group>"; };
		34D157DE28280316006E5367 /* Item.swift */ = {isa = PBXFileReference; lastKnownFileType = sourcecode.swift; path = Item.swift; sourceTree = "<group>"; };
		34D2823328318AC1004FE7DF /* AddViewControllerUITests.swift */ = {isa = PBXFileReference; lastKnownFileType = sourcecode.swift; path = AddViewControllerUITests.swift; sourceTree = "<group>"; };
		34F32386282D7699000F1B4C /* CaveatBrush-Regular.ttf */ = {isa = PBXFileReference; lastKnownFileType = file; name = "CaveatBrush-Regular.ttf"; path = "../CaveatBrush-Regular.ttf"; sourceTree = "<group>"; };
		34F32388282EAD10000F1B4C /* AddViewController.swift */ = {isa = PBXFileReference; lastKnownFileType = sourcecode.swift; path = AddViewController.swift; sourceTree = "<group>"; };
		463B43FF5439C46C4575A5BA /* Pods-Cooking With Martha.release.xcconfig */ = {isa = PBXFileReference; includeInIndex = 1; lastKnownFileType = text.xcconfig; name = "Pods-Cooking With Martha.release.xcconfig"; path = "Target Support Files/Pods-Cooking With Martha/Pods-Cooking With Martha.release.xcconfig"; sourceTree = "<group>"; };
		635399DFA37F0F8CD448FE84 /* Pods_Cooking_With_Martha.framework */ = {isa = PBXFileReference; explicitFileType = wrapper.framework; includeInIndex = 0; path = Pods_Cooking_With_Martha.framework; sourceTree = BUILT_PRODUCTS_DIR; };
		6C949D6BC4EC93BE85441E2D /* Pods-Cooking With Martha-Cooking With MarthaUITests.release.xcconfig */ = {isa = PBXFileReference; includeInIndex = 1; lastKnownFileType = text.xcconfig; name = "Pods-Cooking With Martha-Cooking With MarthaUITests.release.xcconfig"; path = "Target Support Files/Pods-Cooking With Martha-Cooking With MarthaUITests/Pods-Cooking With Martha-Cooking With MarthaUITests.release.xcconfig"; sourceTree = "<group>"; };
		8F3AC5016B52436E769A1BC2 /* Pods-Cooking With Martha.debug.xcconfig */ = {isa = PBXFileReference; includeInIndex = 1; lastKnownFileType = text.xcconfig; name = "Pods-Cooking With Martha.debug.xcconfig"; path = "Target Support Files/Pods-Cooking With Martha/Pods-Cooking With Martha.debug.xcconfig"; sourceTree = "<group>"; };
		A3E91DCD48E628C0F72DA53E /* Pods_Cooking_With_Martha_Cooking_With_MarthaUITests.framework */ = {isa = PBXFileReference; explicitFileType = wrapper.framework; includeInIndex = 0; path = Pods_Cooking_With_Martha_Cooking_With_MarthaUITests.framework; sourceTree = BUILT_PRODUCTS_DIR; };
		B9384E0A42B694C881F691F5 /* Pods-Cooking With Martha-Cooking With MarthaUITests.debug.xcconfig */ = {isa = PBXFileReference; includeInIndex = 1; lastKnownFileType = text.xcconfig; name = "Pods-Cooking With Martha-Cooking With MarthaUITests.debug.xcconfig"; path = "Target Support Files/Pods-Cooking With Martha-Cooking With MarthaUITests/Pods-Cooking With Martha-Cooking With MarthaUITests.debug.xcconfig"; sourceTree = "<group>"; };
		C40AF57D99F049DC570B9B8F /* Pods-Cooking With MarthaTests.debug.xcconfig */ = {isa = PBXFileReference; includeInIndex = 1; lastKnownFileType = text.xcconfig; name = "Pods-Cooking With MarthaTests.debug.xcconfig"; path = "Target Support Files/Pods-Cooking With MarthaTests/Pods-Cooking With MarthaTests.debug.xcconfig"; sourceTree = "<group>"; };
		E1CDE6603DAA7C835118EB23 /* Pods_Cooking_With_MarthaTests.framework */ = {isa = PBXFileReference; explicitFileType = wrapper.framework; includeInIndex = 0; path = Pods_Cooking_With_MarthaTests.framework; sourceTree = BUILT_PRODUCTS_DIR; };
		F4EBFFA37DC91787F4A109C1 /* Pods-Cooking With MarthaTests.release.xcconfig */ = {isa = PBXFileReference; includeInIndex = 1; lastKnownFileType = text.xcconfig; name = "Pods-Cooking With MarthaTests.release.xcconfig"; path = "Target Support Files/Pods-Cooking With MarthaTests/Pods-Cooking With MarthaTests.release.xcconfig"; sourceTree = "<group>"; };
/* End PBXFileReference section */

/* Begin PBXFrameworksBuildPhase section */
		344099F72826E19A0065FFC9 /* Frameworks */ = {
			isa = PBXFrameworksBuildPhase;
			buildActionMask = 2147483647;
			files = (
				A6755A1659420C8C071FBE92 /* Pods_Cooking_With_Martha.framework in Frameworks */,
				34D157E628283443006E5367 /* Nuke in Frameworks */,
			);
			runOnlyForDeploymentPostprocessing = 0;
		};
		34409A0D2826E19C0065FFC9 /* Frameworks */ = {
			isa = PBXFrameworksBuildPhase;
			buildActionMask = 2147483647;
			files = (
				94779C7D3313D24EB32BCEA3 /* Pods_Cooking_With_MarthaTests.framework in Frameworks */,
			);
			runOnlyForDeploymentPostprocessing = 0;
		};
		34409A172826E19C0065FFC9 /* Frameworks */ = {
			isa = PBXFrameworksBuildPhase;
			buildActionMask = 2147483647;
			files = (
				A20789ADC283BB58FE1CA7A8 /* Pods_Cooking_With_Martha_Cooking_With_MarthaUITests.framework in Frameworks */,
			);
			runOnlyForDeploymentPostprocessing = 0;
		};
/* End PBXFrameworksBuildPhase section */

/* Begin PBXGroup section */
		344099F12826E19A0065FFC9 = {
			isa = PBXGroup;
			children = (
				34409A2D2826E23A0065FFC9 /* README.md */,
				344099FC2826E19A0065FFC9 /* Cooking With Martha */,
				34409A132826E19C0065FFC9 /* Cooking With MarthaTests */,
				34409A1D2826E19C0065FFC9 /* Cooking With MarthaUITests */,
				344099FB2826E19A0065FFC9 /* Products */,
				9D20E90ED18D5593673EF729 /* Pods */,
				AEC6E7B49309B6FBC6C15389 /* Frameworks */,
			);
			sourceTree = "<group>";
		};
		344099FB2826E19A0065FFC9 /* Products */ = {
			isa = PBXGroup;
			children = (
				344099FA2826E19A0065FFC9 /* Cooking With Martha.app */,
				34409A102826E19C0065FFC9 /* Cooking With MarthaTests.xctest */,
				34409A1A2826E19C0065FFC9 /* Cooking With MarthaUITests.xctest */,
			);
			name = Products;
			sourceTree = "<group>";
		};
		344099FC2826E19A0065FFC9 /* Cooking With Martha */ = {
			isa = PBXGroup;
			children = (
				344099FD2826E19A0065FFC9 /* AppDelegate.swift */,
				344099FF2826E19A0065FFC9 /* SceneDelegate.swift */,
				34F3238C282EAD7D000F1B4C /* Presenter */,
				34F3238B282EAD4D000F1B4C /* View */,
				34F3238A282EAD38000F1B4C /* Model */,
				34409A062826E19C0065FFC9 /* Assets.xcassets */,
				34409A082826E19C0065FFC9 /* LaunchScreen.storyboard */,
				34409A0B2826E19C0065FFC9 /* Info.plist */,
				341AE077282C50B500BE3B10 /* Recipes.json */,
				34F32386282D7699000F1B4C /* CaveatBrush-Regular.ttf */,
			);
			path = "Cooking With Martha";
			sourceTree = "<group>";
		};
		34409A132826E19C0065FFC9 /* Cooking With MarthaTests */ = {
			isa = PBXGroup;
			children = (
				34409A142826E19C0065FFC9 /* Cooking_With_MarthaTests.swift */,
			);
			path = "Cooking With MarthaTests";
			sourceTree = "<group>";
		};
		34409A1D2826E19C0065FFC9 /* Cooking With MarthaUITests */ = {
			isa = PBXGroup;
			children = (
				34409A1E2826E19C0065FFC9 /* Cooking_With_MarthaUITests.swift */,
				34D2823328318AC1004FE7DF /* AddViewControllerUITests.swift */,
				34409A202826E19C0065FFC9 /* Cooking_With_MarthaUITestsLaunchTests.swift */,
			);
			path = "Cooking With MarthaUITests";
			sourceTree = "<group>";
		};
		34F3238A282EAD38000F1B4C /* Model */ = {
			isa = PBXGroup;
			children = (
				34D157DE28280316006E5367 /* Item.swift */,
				341AE072282C4B6B00BE3B10 /* Recipe.swift */,
			);
			path = Model;
			sourceTree = "<group>";
		};
		34F3238B282EAD4D000F1B4C /* View */ = {
			isa = PBXGroup;
			children = (
				34409A032826E19A0065FFC9 /* Main.storyboard */,
				34409A012826E19A0065FFC9 /* ViewController.swift */,
				34F32388282EAD10000F1B4C /* AddViewController.swift */,
				34846AA02842191D00BA5CF7 /* DeleteViewController.swift */,
				349299B128475C6C0090C390 /* CategoryCollectionViewCell.swift */,
				349299B228475C6C0090C390 /* CategoryCollectionViewCell.xib */,
			);
			path = View;
			sourceTree = "<group>";
		};
		34F3238C282EAD7D000F1B4C /* Presenter */ = {
			isa = PBXGroup;
			children = (
				341AE070282C486700BE3B10 /* DataManager.swift */,
			);
			path = Presenter;
			sourceTree = "<group>";
		};
		9D20E90ED18D5593673EF729 /* Pods */ = {
			isa = PBXGroup;
			children = (
				34D157DC2826FC2A006E5367 /* MonteCarlo-Regular.ttf */,
				8F3AC5016B52436E769A1BC2 /* Pods-Cooking With Martha.debug.xcconfig */,
				463B43FF5439C46C4575A5BA /* Pods-Cooking With Martha.release.xcconfig */,
				B9384E0A42B694C881F691F5 /* Pods-Cooking With Martha-Cooking With MarthaUITests.debug.xcconfig */,
				6C949D6BC4EC93BE85441E2D /* Pods-Cooking With Martha-Cooking With MarthaUITests.release.xcconfig */,
				C40AF57D99F049DC570B9B8F /* Pods-Cooking With MarthaTests.debug.xcconfig */,
				F4EBFFA37DC91787F4A109C1 /* Pods-Cooking With MarthaTests.release.xcconfig */,
			);
			path = Pods;
			sourceTree = "<group>";
		};
		AEC6E7B49309B6FBC6C15389 /* Frameworks */ = {
			isa = PBXGroup;
			children = (
				635399DFA37F0F8CD448FE84 /* Pods_Cooking_With_Martha.framework */,
				A3E91DCD48E628C0F72DA53E /* Pods_Cooking_With_Martha_Cooking_With_MarthaUITests.framework */,
				E1CDE6603DAA7C835118EB23 /* Pods_Cooking_With_MarthaTests.framework */,
			);
			name = Frameworks;
			sourceTree = "<group>";
		};
/* End PBXGroup section */

/* Begin PBXNativeTarget section */
		344099F92826E19A0065FFC9 /* Cooking With Martha */ = {
			isa = PBXNativeTarget;
			buildConfigurationList = 34409A242826E19C0065FFC9 /* Build configuration list for PBXNativeTarget "Cooking With Martha" */;
			buildPhases = (
				26493F036C8DEC879D10B28E /* [CP] Check Pods Manifest.lock */,
				344099F62826E19A0065FFC9 /* Sources */,
				344099F72826E19A0065FFC9 /* Frameworks */,
				344099F82826E19A0065FFC9 /* Resources */,
				AA194127BC2FA5E1795E6387 /* [CP] Embed Pods Frameworks */,
			);
			buildRules = (
			);
			dependencies = (
			);
			name = "Cooking With Martha";
			packageProductDependencies = (
				34D157E528283443006E5367 /* Nuke */,
			);
			productName = "Cooking With Martha";
			productReference = 344099FA2826E19A0065FFC9 /* Cooking With Martha.app */;
			productType = "com.apple.product-type.application";
		};
		34409A0F2826E19C0065FFC9 /* Cooking With MarthaTests */ = {
			isa = PBXNativeTarget;
			buildConfigurationList = 34409A272826E19C0065FFC9 /* Build configuration list for PBXNativeTarget "Cooking With MarthaTests" */;
			buildPhases = (
				10BB749B89F367A2B6C85D64 /* [CP] Check Pods Manifest.lock */,
				34409A0C2826E19C0065FFC9 /* Sources */,
				34409A0D2826E19C0065FFC9 /* Frameworks */,
				34409A0E2826E19C0065FFC9 /* Resources */,
			);
			buildRules = (
			);
			dependencies = (
				34409A122826E19C0065FFC9 /* PBXTargetDependency */,
			);
			name = "Cooking With MarthaTests";
			productName = "Cooking With MarthaTests";
			productReference = 34409A102826E19C0065FFC9 /* Cooking With MarthaTests.xctest */;
			productType = "com.apple.product-type.bundle.unit-test";
		};
		34409A192826E19C0065FFC9 /* Cooking With MarthaUITests */ = {
			isa = PBXNativeTarget;
			buildConfigurationList = 34409A2A2826E19C0065FFC9 /* Build configuration list for PBXNativeTarget "Cooking With MarthaUITests" */;
			buildPhases = (
				5BDA4B43FAF4E13B0A772CA1 /* [CP] Check Pods Manifest.lock */,
				34409A162826E19C0065FFC9 /* Sources */,
				34409A172826E19C0065FFC9 /* Frameworks */,
				34409A182826E19C0065FFC9 /* Resources */,
				CBEEC71C302AABB384E7A550 /* [CP] Embed Pods Frameworks */,
			);
			buildRules = (
			);
			dependencies = (
				34409A1C2826E19C0065FFC9 /* PBXTargetDependency */,
			);
			name = "Cooking With MarthaUITests";
			productName = "Cooking With MarthaUITests";
			productReference = 34409A1A2826E19C0065FFC9 /* Cooking With MarthaUITests.xctest */;
			productType = "com.apple.product-type.bundle.ui-testing";
		};
/* End PBXNativeTarget section */

/* Begin PBXProject section */
		344099F22826E19A0065FFC9 /* Project object */ = {
			isa = PBXProject;
			attributes = {
				BuildIndependentTargetsInParallel = 1;
				LastSwiftUpdateCheck = 1320;
				LastUpgradeCheck = 1320;
				TargetAttributes = {
					344099F92826E19A0065FFC9 = {
						CreatedOnToolsVersion = 13.2.1;
					};
					34409A0F2826E19C0065FFC9 = {
						CreatedOnToolsVersion = 13.2.1;
						TestTargetID = 344099F92826E19A0065FFC9;
					};
					34409A192826E19C0065FFC9 = {
						CreatedOnToolsVersion = 13.2.1;
						TestTargetID = 344099F92826E19A0065FFC9;
					};
				};
			};
			buildConfigurationList = 344099F52826E19A0065FFC9 /* Build configuration list for PBXProject "Cooking With Martha" */;
			compatibilityVersion = "Xcode 13.0";
			developmentRegion = en;
			hasScannedForEncodings = 0;
			knownRegions = (
				en,
				Base,
			);
			mainGroup = 344099F12826E19A0065FFC9;
			packageReferences = (
				34D157E428283443006E5367 /* XCRemoteSwiftPackageReference "Nuke" */,
			);
			productRefGroup = 344099FB2826E19A0065FFC9 /* Products */;
			projectDirPath = "";
			projectRoot = "";
			targets = (
				344099F92826E19A0065FFC9 /* Cooking With Martha */,
				34409A0F2826E19C0065FFC9 /* Cooking With MarthaTests */,
				34409A192826E19C0065FFC9 /* Cooking With MarthaUITests */,
			);
		};
/* End PBXProject section */

/* Begin PBXResourcesBuildPhase section */
		344099F82826E19A0065FFC9 /* Resources */ = {
			isa = PBXResourcesBuildPhase;
			buildActionMask = 2147483647;
			files = (
				341AE078282C50B500BE3B10 /* Recipes.json in Resources */,
				349299B428475C6C0090C390 /* CategoryCollectionViewCell.xib in Resources */,
				34409A0A2826E19C0065FFC9 /* LaunchScreen.storyboard in Resources */,
				34D157DD2826FC2A006E5367 /* MonteCarlo-Regular.ttf in Resources */,
				34409A072826E19C0065FFC9 /* Assets.xcassets in Resources */,
				34F32387282D7699000F1B4C /* CaveatBrush-Regular.ttf in Resources */,
				34409A052826E19A0065FFC9 /* Main.storyboard in Resources */,
			);
			runOnlyForDeploymentPostprocessing = 0;
		};
		34409A0E2826E19C0065FFC9 /* Resources */ = {
			isa = PBXResourcesBuildPhase;
			buildActionMask = 2147483647;
			files = (
			);
			runOnlyForDeploymentPostprocessing = 0;
		};
		34409A182826E19C0065FFC9 /* Resources */ = {
			isa = PBXResourcesBuildPhase;
			buildActionMask = 2147483647;
			files = (
			);
			runOnlyForDeploymentPostprocessing = 0;
		};
/* End PBXResourcesBuildPhase section */

/* Begin PBXShellScriptBuildPhase section */
		10BB749B89F367A2B6C85D64 /* [CP] Check Pods Manifest.lock */ = {
			isa = PBXShellScriptBuildPhase;
			buildActionMask = 2147483647;
			files = (
			);
			inputFileListPaths = (
			);
			inputPaths = (
				"${PODS_PODFILE_DIR_PATH}/Podfile.lock",
				"${PODS_ROOT}/Manifest.lock",
			);
			name = "[CP] Check Pods Manifest.lock";
			outputFileListPaths = (
			);
			outputPaths = (
				"$(DERIVED_FILE_DIR)/Pods-Cooking With MarthaTests-checkManifestLockResult.txt",
			);
			runOnlyForDeploymentPostprocessing = 0;
			shellPath = /bin/sh;
			shellScript = "diff \"${PODS_PODFILE_DIR_PATH}/Podfile.lock\" \"${PODS_ROOT}/Manifest.lock\" > /dev/null\nif [ $? != 0 ] ; then\n    # print error to STDERR\n    echo \"error: The sandbox is not in sync with the Podfile.lock. Run 'pod install' or update your CocoaPods installation.\" >&2\n    exit 1\nfi\n# This output is used by Xcode 'outputs' to avoid re-running this script phase.\necho \"SUCCESS\" > \"${SCRIPT_OUTPUT_FILE_0}\"\n";
			showEnvVarsInLog = 0;
		};
		26493F036C8DEC879D10B28E /* [CP] Check Pods Manifest.lock */ = {
			isa = PBXShellScriptBuildPhase;
			buildActionMask = 2147483647;
			files = (
			);
			inputFileListPaths = (
			);
			inputPaths = (
				"${PODS_PODFILE_DIR_PATH}/Podfile.lock",
				"${PODS_ROOT}/Manifest.lock",
			);
			name = "[CP] Check Pods Manifest.lock";
			outputFileListPaths = (
			);
			outputPaths = (
				"$(DERIVED_FILE_DIR)/Pods-Cooking With Martha-checkManifestLockResult.txt",
			);
			runOnlyForDeploymentPostprocessing = 0;
			shellPath = /bin/sh;
			shellScript = "diff \"${PODS_PODFILE_DIR_PATH}/Podfile.lock\" \"${PODS_ROOT}/Manifest.lock\" > /dev/null\nif [ $? != 0 ] ; then\n    # print error to STDERR\n    echo \"error: The sandbox is not in sync with the Podfile.lock. Run 'pod install' or update your CocoaPods installation.\" >&2\n    exit 1\nfi\n# This output is used by Xcode 'outputs' to avoid re-running this script phase.\necho \"SUCCESS\" > \"${SCRIPT_OUTPUT_FILE_0}\"\n";
			showEnvVarsInLog = 0;
		};
		5BDA4B43FAF4E13B0A772CA1 /* [CP] Check Pods Manifest.lock */ = {
			isa = PBXShellScriptBuildPhase;
			buildActionMask = 2147483647;
			files = (
			);
			inputFileListPaths = (
			);
			inputPaths = (
				"${PODS_PODFILE_DIR_PATH}/Podfile.lock",
				"${PODS_ROOT}/Manifest.lock",
			);
			name = "[CP] Check Pods Manifest.lock";
			outputFileListPaths = (
			);
			outputPaths = (
				"$(DERIVED_FILE_DIR)/Pods-Cooking With Martha-Cooking With MarthaUITests-checkManifestLockResult.txt",
			);
			runOnlyForDeploymentPostprocessing = 0;
			shellPath = /bin/sh;
			shellScript = "diff \"${PODS_PODFILE_DIR_PATH}/Podfile.lock\" \"${PODS_ROOT}/Manifest.lock\" > /dev/null\nif [ $? != 0 ] ; then\n    # print error to STDERR\n    echo \"error: The sandbox is not in sync with the Podfile.lock. Run 'pod install' or update your CocoaPods installation.\" >&2\n    exit 1\nfi\n# This output is used by Xcode 'outputs' to avoid re-running this script phase.\necho \"SUCCESS\" > \"${SCRIPT_OUTPUT_FILE_0}\"\n";
			showEnvVarsInLog = 0;
		};
		AA194127BC2FA5E1795E6387 /* [CP] Embed Pods Frameworks */ = {
			isa = PBXShellScriptBuildPhase;
			buildActionMask = 2147483647;
			files = (
			);
			inputFileListPaths = (
				"${PODS_ROOT}/Target Support Files/Pods-Cooking With Martha/Pods-Cooking With Martha-frameworks-${CONFIGURATION}-input-files.xcfilelist",
			);
			name = "[CP] Embed Pods Frameworks";
			outputFileListPaths = (
				"${PODS_ROOT}/Target Support Files/Pods-Cooking With Martha/Pods-Cooking With Martha-frameworks-${CONFIGURATION}-output-files.xcfilelist",
			);
			runOnlyForDeploymentPostprocessing = 0;
			shellPath = /bin/sh;
			shellScript = "\"${PODS_ROOT}/Target Support Files/Pods-Cooking With Martha/Pods-Cooking With Martha-frameworks.sh\"\n";
			showEnvVarsInLog = 0;
		};
		CBEEC71C302AABB384E7A550 /* [CP] Embed Pods Frameworks */ = {
			isa = PBXShellScriptBuildPhase;
			buildActionMask = 2147483647;
			files = (
			);
			inputFileListPaths = (
				"${PODS_ROOT}/Target Support Files/Pods-Cooking With Martha-Cooking With MarthaUITests/Pods-Cooking With Martha-Cooking With MarthaUITests-frameworks-${CONFIGURATION}-input-files.xcfilelist",
			);
			name = "[CP] Embed Pods Frameworks";
			outputFileListPaths = (
				"${PODS_ROOT}/Target Support Files/Pods-Cooking With Martha-Cooking With MarthaUITests/Pods-Cooking With Martha-Cooking With MarthaUITests-frameworks-${CONFIGURATION}-output-files.xcfilelist",
			);
			runOnlyForDeploymentPostprocessing = 0;
			shellPath = /bin/sh;
			shellScript = "\"${PODS_ROOT}/Target Support Files/Pods-Cooking With Martha-Cooking With MarthaUITests/Pods-Cooking With Martha-Cooking With MarthaUITests-frameworks.sh\"\n";
			showEnvVarsInLog = 0;
		};
/* End PBXShellScriptBuildPhase section */

/* Begin PBXSourcesBuildPhase section */
		344099F62826E19A0065FFC9 /* Sources */ = {
			isa = PBXSourcesBuildPhase;
			buildActionMask = 2147483647;
			files = (
				34409A022826E19A0065FFC9 /* ViewController.swift in Sources */,
				341AE071282C486700BE3B10 /* DataManager.swift in Sources */,
				34F32389282EAD10000F1B4C /* AddViewController.swift in Sources */,
				344099FE2826E19A0065FFC9 /* AppDelegate.swift in Sources */,
				349299B328475C6C0090C390 /* CategoryCollectionViewCell.swift in Sources */,
				341AE073282C4B6B00BE3B10 /* Recipe.swift in Sources */,
				34409A002826E19A0065FFC9 /* SceneDelegate.swift in Sources */,
				34D157DF28280316006E5367 /* Item.swift in Sources */,
				34846AA12842191D00BA5CF7 /* DeleteViewController.swift in Sources */,
			);
			runOnlyForDeploymentPostprocessing = 0;
		};
		34409A0C2826E19C0065FFC9 /* Sources */ = {
			isa = PBXSourcesBuildPhase;
			buildActionMask = 2147483647;
			files = (
				34409A152826E19C0065FFC9 /* Cooking_With_MarthaTests.swift in Sources */,
			);
			runOnlyForDeploymentPostprocessing = 0;
		};
		34409A162826E19C0065FFC9 /* Sources */ = {
			isa = PBXSourcesBuildPhase;
			buildActionMask = 2147483647;
			files = (
				34409A212826E19C0065FFC9 /* Cooking_With_MarthaUITestsLaunchTests.swift in Sources */,
				34409A1F2826E19C0065FFC9 /* Cooking_With_MarthaUITests.swift in Sources */,
				34D2823428318AC1004FE7DF /* AddViewControllerUITests.swift in Sources */,
			);
			runOnlyForDeploymentPostprocessing = 0;
		};
/* End PBXSourcesBuildPhase section */

/* Begin PBXTargetDependency section */
		34409A122826E19C0065FFC9 /* PBXTargetDependency */ = {
			isa = PBXTargetDependency;
			target = 344099F92826E19A0065FFC9 /* Cooking With Martha */;
			targetProxy = 34409A112826E19C0065FFC9 /* PBXContainerItemProxy */;
		};
		34409A1C2826E19C0065FFC9 /* PBXTargetDependency */ = {
			isa = PBXTargetDependency;
			target = 344099F92826E19A0065FFC9 /* Cooking With Martha */;
			targetProxy = 34409A1B2826E19C0065FFC9 /* PBXContainerItemProxy */;
		};
/* End PBXTargetDependency section */

/* Begin PBXVariantGroup section */
		34409A032826E19A0065FFC9 /* Main.storyboard */ = {
			isa = PBXVariantGroup;
			children = (
				34409A042826E19A0065FFC9 /* Base */,
			);
			name = Main.storyboard;
			sourceTree = "<group>";
		};
		34409A082826E19C0065FFC9 /* LaunchScreen.storyboard */ = {
			isa = PBXVariantGroup;
			children = (
				34409A092826E19C0065FFC9 /* Base */,
			);
			name = LaunchScreen.storyboard;
			sourceTree = "<group>";
		};
/* End PBXVariantGroup section */

/* Begin XCBuildConfiguration section */
		34409A222826E19C0065FFC9 /* Debug */ = {
			isa = XCBuildConfiguration;
			buildSettings = {
				ALWAYS_SEARCH_USER_PATHS = NO;
				CLANG_ANALYZER_NONNULL = YES;
				CLANG_ANALYZER_NUMBER_OBJECT_CONVERSION = YES_AGGRESSIVE;
				CLANG_CXX_LANGUAGE_STANDARD = "gnu++17";
				CLANG_CXX_LIBRARY = "libc++";
				CLANG_ENABLE_MODULES = YES;
				CLANG_ENABLE_OBJC_ARC = YES;
				CLANG_ENABLE_OBJC_WEAK = YES;
				CLANG_WARN_BLOCK_CAPTURE_AUTORELEASING = YES;
				CLANG_WARN_BOOL_CONVERSION = YES;
				CLANG_WARN_COMMA = YES;
				CLANG_WARN_CONSTANT_CONVERSION = YES;
				CLANG_WARN_DEPRECATED_OBJC_IMPLEMENTATIONS = YES;
				CLANG_WARN_DIRECT_OBJC_ISA_USAGE = YES_ERROR;
				CLANG_WARN_DOCUMENTATION_COMMENTS = YES;
				CLANG_WARN_EMPTY_BODY = YES;
				CLANG_WARN_ENUM_CONVERSION = YES;
				CLANG_WARN_INFINITE_RECURSION = YES;
				CLANG_WARN_INT_CONVERSION = YES;
				CLANG_WARN_NON_LITERAL_NULL_CONVERSION = YES;
				CLANG_WARN_OBJC_IMPLICIT_RETAIN_SELF = YES;
				CLANG_WARN_OBJC_LITERAL_CONVERSION = YES;
				CLANG_WARN_OBJC_ROOT_CLASS = YES_ERROR;
				CLANG_WARN_QUOTED_INCLUDE_IN_FRAMEWORK_HEADER = YES;
				CLANG_WARN_RANGE_LOOP_ANALYSIS = YES;
				CLANG_WARN_STRICT_PROTOTYPES = YES;
				CLANG_WARN_SUSPICIOUS_MOVE = YES;
				CLANG_WARN_UNGUARDED_AVAILABILITY = YES_AGGRESSIVE;
				CLANG_WARN_UNREACHABLE_CODE = YES;
				CLANG_WARN__DUPLICATE_METHOD_MATCH = YES;
				COPY_PHASE_STRIP = NO;
				DEBUG_INFORMATION_FORMAT = dwarf;
				ENABLE_STRICT_OBJC_MSGSEND = YES;
				ENABLE_TESTABILITY = YES;
				GCC_C_LANGUAGE_STANDARD = gnu11;
				GCC_DYNAMIC_NO_PIC = NO;
				GCC_NO_COMMON_BLOCKS = YES;
				GCC_OPTIMIZATION_LEVEL = 0;
				GCC_PREPROCESSOR_DEFINITIONS = (
					"DEBUG=1",
					"$(inherited)",
				);
				GCC_WARN_64_TO_32_BIT_CONVERSION = YES;
				GCC_WARN_ABOUT_RETURN_TYPE = YES_ERROR;
				GCC_WARN_UNDECLARED_SELECTOR = YES;
				GCC_WARN_UNINITIALIZED_AUTOS = YES_AGGRESSIVE;
				GCC_WARN_UNUSED_FUNCTION = YES;
				GCC_WARN_UNUSED_VARIABLE = YES;
				IPHONEOS_DEPLOYMENT_TARGET = 15.2;
				MTL_ENABLE_DEBUG_INFO = INCLUDE_SOURCE;
				MTL_FAST_MATH = YES;
				ONLY_ACTIVE_ARCH = YES;
				SDKROOT = iphoneos;
				SWIFT_ACTIVE_COMPILATION_CONDITIONS = DEBUG;
				SWIFT_OPTIMIZATION_LEVEL = "-Onone";
			};
			name = Debug;
		};
		34409A232826E19C0065FFC9 /* Release */ = {
			isa = XCBuildConfiguration;
			buildSettings = {
				ALWAYS_SEARCH_USER_PATHS = NO;
				CLANG_ANALYZER_NONNULL = YES;
				CLANG_ANALYZER_NUMBER_OBJECT_CONVERSION = YES_AGGRESSIVE;
				CLANG_CXX_LANGUAGE_STANDARD = "gnu++17";
				CLANG_CXX_LIBRARY = "libc++";
				CLANG_ENABLE_MODULES = YES;
				CLANG_ENABLE_OBJC_ARC = YES;
				CLANG_ENABLE_OBJC_WEAK = YES;
				CLANG_WARN_BLOCK_CAPTURE_AUTORELEASING = YES;
				CLANG_WARN_BOOL_CONVERSION = YES;
				CLANG_WARN_COMMA = YES;
				CLANG_WARN_CONSTANT_CONVERSION = YES;
				CLANG_WARN_DEPRECATED_OBJC_IMPLEMENTATIONS = YES;
				CLANG_WARN_DIRECT_OBJC_ISA_USAGE = YES_ERROR;
				CLANG_WARN_DOCUMENTATION_COMMENTS = YES;
				CLANG_WARN_EMPTY_BODY = YES;
				CLANG_WARN_ENUM_CONVERSION = YES;
				CLANG_WARN_INFINITE_RECURSION = YES;
				CLANG_WARN_INT_CONVERSION = YES;
				CLANG_WARN_NON_LITERAL_NULL_CONVERSION = YES;
				CLANG_WARN_OBJC_IMPLICIT_RETAIN_SELF = YES;
				CLANG_WARN_OBJC_LITERAL_CONVERSION = YES;
				CLANG_WARN_OBJC_ROOT_CLASS = YES_ERROR;
				CLANG_WARN_QUOTED_INCLUDE_IN_FRAMEWORK_HEADER = YES;
				CLANG_WARN_RANGE_LOOP_ANALYSIS = YES;
				CLANG_WARN_STRICT_PROTOTYPES = YES;
				CLANG_WARN_SUSPICIOUS_MOVE = YES;
				CLANG_WARN_UNGUARDED_AVAILABILITY = YES_AGGRESSIVE;
				CLANG_WARN_UNREACHABLE_CODE = YES;
				CLANG_WARN__DUPLICATE_METHOD_MATCH = YES;
				COPY_PHASE_STRIP = NO;
				DEBUG_INFORMATION_FORMAT = "dwarf-with-dsym";
				ENABLE_NS_ASSERTIONS = NO;
				ENABLE_STRICT_OBJC_MSGSEND = YES;
				GCC_C_LANGUAGE_STANDARD = gnu11;
				GCC_NO_COMMON_BLOCKS = YES;
				GCC_WARN_64_TO_32_BIT_CONVERSION = YES;
				GCC_WARN_ABOUT_RETURN_TYPE = YES_ERROR;
				GCC_WARN_UNDECLARED_SELECTOR = YES;
				GCC_WARN_UNINITIALIZED_AUTOS = YES_AGGRESSIVE;
				GCC_WARN_UNUSED_FUNCTION = YES;
				GCC_WARN_UNUSED_VARIABLE = YES;
				IPHONEOS_DEPLOYMENT_TARGET = 15.2;
				MTL_ENABLE_DEBUG_INFO = NO;
				MTL_FAST_MATH = YES;
				SDKROOT = iphoneos;
				SWIFT_COMPILATION_MODE = wholemodule;
				SWIFT_OPTIMIZATION_LEVEL = "-O";
				VALIDATE_PRODUCT = YES;
			};
			name = Release;
		};
		34409A252826E19C0065FFC9 /* Debug */ = {
			isa = XCBuildConfiguration;
			baseConfigurationReference = 8F3AC5016B52436E769A1BC2 /* Pods-Cooking With Martha.debug.xcconfig */;
			buildSettings = {
				ASSETCATALOG_COMPILER_APPICON_NAME = AppIcon;
				ASSETCATALOG_COMPILER_GLOBAL_ACCENT_COLOR_NAME = AccentColor;
				CODE_SIGN_STYLE = Automatic;
				CURRENT_PROJECT_VERSION = 1;
				DEVELOPMENT_TEAM = 6478Y3WC5Q;
				GENERATE_INFOPLIST_FILE = YES;
				INFOPLIST_FILE = "Cooking With Martha/Info.plist";
				INFOPLIST_KEY_UIApplicationSupportsIndirectInputEvents = YES;
				INFOPLIST_KEY_UILaunchStoryboardName = LaunchScreen;
				INFOPLIST_KEY_UIMainStoryboardFile = Main;
				INFOPLIST_KEY_UISupportedInterfaceOrientations = UIInterfaceOrientationPortrait;
				INFOPLIST_KEY_UISupportedInterfaceOrientations_iPad = "UIInterfaceOrientationPortrait UIInterfaceOrientationPortraitUpsideDown UIInterfaceOrientationLandscapeLeft UIInterfaceOrientationLandscapeRight";
				INFOPLIST_KEY_UISupportedInterfaceOrientations_iPhone = "UIInterfaceOrientationPortrait UIInterfaceOrientationLandscapeLeft UIInterfaceOrientationLandscapeRight";
				LD_RUNPATH_SEARCH_PATHS = (
					"$(inherited)",
					"@executable_path/Frameworks",
				);
				MARKETING_VERSION = 1.0;
				PRODUCT_BUNDLE_IDENTIFIER = "com.matthewlock.Cooking-With-Martha";
				PRODUCT_NAME = "$(TARGET_NAME)";
				SWIFT_EMIT_LOC_STRINGS = YES;
				SWIFT_VERSION = 5.0;
				TARGETED_DEVICE_FAMILY = 1;
			};
			name = Debug;
		};
		34409A262826E19C0065FFC9 /* Release */ = {
			isa = XCBuildConfiguration;
			baseConfigurationReference = 463B43FF5439C46C4575A5BA /* Pods-Cooking With Martha.release.xcconfig */;
			buildSettings = {
				ASSETCATALOG_COMPILER_APPICON_NAME = AppIcon;
				ASSETCATALOG_COMPILER_GLOBAL_ACCENT_COLOR_NAME = AccentColor;
				CODE_SIGN_STYLE = Automatic;
				CURRENT_PROJECT_VERSION = 1;
				DEVELOPMENT_TEAM = 6478Y3WC5Q;
				GENERATE_INFOPLIST_FILE = YES;
				INFOPLIST_FILE = "Cooking With Martha/Info.plist";
				INFOPLIST_KEY_UIApplicationSupportsIndirectInputEvents = YES;
				INFOPLIST_KEY_UILaunchStoryboardName = LaunchScreen;
				INFOPLIST_KEY_UIMainStoryboardFile = Main;
				INFOPLIST_KEY_UISupportedInterfaceOrientations = UIInterfaceOrientationPortrait;
				INFOPLIST_KEY_UISupportedInterfaceOrientations_iPad = "UIInterfaceOrientationPortrait UIInterfaceOrientationPortraitUpsideDown UIInterfaceOrientationLandscapeLeft UIInterfaceOrientationLandscapeRight";
				INFOPLIST_KEY_UISupportedInterfaceOrientations_iPhone = "UIInterfaceOrientationPortrait UIInterfaceOrientationLandscapeLeft UIInterfaceOrientationLandscapeRight";
				LD_RUNPATH_SEARCH_PATHS = (
					"$(inherited)",
					"@executable_path/Frameworks",
				);
				MARKETING_VERSION = 1.0;
				PRODUCT_BUNDLE_IDENTIFIER = "com.matthewlock.Cooking-With-Martha";
				PRODUCT_NAME = "$(TARGET_NAME)";
				SWIFT_EMIT_LOC_STRINGS = YES;
				SWIFT_VERSION = 5.0;
				TARGETED_DEVICE_FAMILY = 1;
			};
			name = Release;
		};
		34409A282826E19C0065FFC9 /* Debug */ = {
			isa = XCBuildConfiguration;
			baseConfigurationReference = C40AF57D99F049DC570B9B8F /* Pods-Cooking With MarthaTests.debug.xcconfig */;
			buildSettings = {
				ALWAYS_EMBED_SWIFT_STANDARD_LIBRARIES = YES;
				BUNDLE_LOADER = "$(TEST_HOST)";
				CODE_SIGN_STYLE = Automatic;
				CURRENT_PROJECT_VERSION = 1;
				DEVELOPMENT_TEAM = 6478Y3WC5Q;
				GENERATE_INFOPLIST_FILE = YES;
				IPHONEOS_DEPLOYMENT_TARGET = 15.2;
				MARKETING_VERSION = 1.0;
				PRODUCT_BUNDLE_IDENTIFIER = "com.matthewlock.Cooking-With-MarthaTests";
				PRODUCT_NAME = "$(TARGET_NAME)";
				SWIFT_EMIT_LOC_STRINGS = NO;
				SWIFT_VERSION = 5.0;
				TARGETED_DEVICE_FAMILY = "1,2";
				TEST_HOST = "$(BUILT_PRODUCTS_DIR)/Cooking With Martha.app/Cooking With Martha";
			};
			name = Debug;
		};
		34409A292826E19C0065FFC9 /* Release */ = {
			isa = XCBuildConfiguration;
			baseConfigurationReference = F4EBFFA37DC91787F4A109C1 /* Pods-Cooking With MarthaTests.release.xcconfig */;
			buildSettings = {
				ALWAYS_EMBED_SWIFT_STANDARD_LIBRARIES = YES;
				BUNDLE_LOADER = "$(TEST_HOST)";
				CODE_SIGN_STYLE = Automatic;
				CURRENT_PROJECT_VERSION = 1;
				DEVELOPMENT_TEAM = 6478Y3WC5Q;
				GENERATE_INFOPLIST_FILE = YES;
				IPHONEOS_DEPLOYMENT_TARGET = 15.2;
				MARKETING_VERSION = 1.0;
				PRODUCT_BUNDLE_IDENTIFIER = "com.matthewlock.Cooking-With-MarthaTests";
				PRODUCT_NAME = "$(TARGET_NAME)";
				SWIFT_EMIT_LOC_STRINGS = NO;
				SWIFT_VERSION = 5.0;
				TARGETED_DEVICE_FAMILY = "1,2";
				TEST_HOST = "$(BUILT_PRODUCTS_DIR)/Cooking With Martha.app/Cooking With Martha";
			};
			name = Release;
		};
		34409A2B2826E19C0065FFC9 /* Debug */ = {
			isa = XCBuildConfiguration;
			baseConfigurationReference = B9384E0A42B694C881F691F5 /* Pods-Cooking With Martha-Cooking With MarthaUITests.debug.xcconfig */;
			buildSettings = {
				ALWAYS_EMBED_SWIFT_STANDARD_LIBRARIES = YES;
				CODE_SIGN_STYLE = Automatic;
				CURRENT_PROJECT_VERSION = 1;
				DEVELOPMENT_TEAM = 6478Y3WC5Q;
				GENERATE_INFOPLIST_FILE = YES;
				MARKETING_VERSION = 1.0;
				PRODUCT_BUNDLE_IDENTIFIER = "com.matthewlock.Cooking-With-MarthaUITests";
				PRODUCT_NAME = "$(TARGET_NAME)";
				SWIFT_EMIT_LOC_STRINGS = NO;
				SWIFT_VERSION = 5.0;
				TARGETED_DEVICE_FAMILY = "1,2";
				TEST_TARGET_NAME = "Cooking With Martha";
			};
			name = Debug;
		};
		34409A2C2826E19C0065FFC9 /* Release */ = {
			isa = XCBuildConfiguration;
			baseConfigurationReference = 6C949D6BC4EC93BE85441E2D /* Pods-Cooking With Martha-Cooking With MarthaUITests.release.xcconfig */;
			buildSettings = {
				ALWAYS_EMBED_SWIFT_STANDARD_LIBRARIES = YES;
				CODE_SIGN_STYLE = Automatic;
				CURRENT_PROJECT_VERSION = 1;
				DEVELOPMENT_TEAM = 6478Y3WC5Q;
				GENERATE_INFOPLIST_FILE = YES;
				MARKETING_VERSION = 1.0;
				PRODUCT_BUNDLE_IDENTIFIER = "com.matthewlock.Cooking-With-MarthaUITests";
				PRODUCT_NAME = "$(TARGET_NAME)";
				SWIFT_EMIT_LOC_STRINGS = NO;
				SWIFT_VERSION = 5.0;
				TARGETED_DEVICE_FAMILY = "1,2";
				TEST_TARGET_NAME = "Cooking With Martha";
			};
			name = Release;
		};
/* End XCBuildConfiguration section */

/* Begin XCConfigurationList section */
		344099F52826E19A0065FFC9 /* Build configuration list for PBXProject "Cooking With Martha" */ = {
			isa = XCConfigurationList;
			buildConfigurations = (
				34409A222826E19C0065FFC9 /* Debug */,
				34409A232826E19C0065FFC9 /* Release */,
			);
			defaultConfigurationIsVisible = 0;
			defaultConfigurationName = Release;
		};
		34409A242826E19C0065FFC9 /* Build configuration list for PBXNativeTarget "Cooking With Martha" */ = {
			isa = XCConfigurationList;
			buildConfigurations = (
				34409A252826E19C0065FFC9 /* Debug */,
				34409A262826E19C0065FFC9 /* Release */,
			);
			defaultConfigurationIsVisible = 0;
			defaultConfigurationName = Release;
		};
		34409A272826E19C0065FFC9 /* Build configuration list for PBXNativeTarget "Cooking With MarthaTests" */ = {
			isa = XCConfigurationList;
			buildConfigurations = (
				34409A282826E19C0065FFC9 /* Debug */,
				34409A292826E19C0065FFC9 /* Release */,
			);
			defaultConfigurationIsVisible = 0;
			defaultConfigurationName = Release;
		};
		34409A2A2826E19C0065FFC9 /* Build configuration list for PBXNativeTarget "Cooking With MarthaUITests" */ = {
			isa = XCConfigurationList;
			buildConfigurations = (
				34409A2B2826E19C0065FFC9 /* Debug */,
				34409A2C2826E19C0065FFC9 /* Release */,
			);
			defaultConfigurationIsVisible = 0;
			defaultConfigurationName = Release;
		};
/* End XCConfigurationList section */

/* Begin XCRemoteSwiftPackageReference section */
		34D157E428283443006E5367 /* XCRemoteSwiftPackageReference "Nuke" */ = {
			isa = XCRemoteSwiftPackageReference;
			repositoryURL = "https://github.com/kean/Nuke.git";
			requirement = {
				branch = master;
				kind = branch;
			};
		};
/* End XCRemoteSwiftPackageReference section */

/* Begin XCSwiftPackageProductDependency section */
		34D157E528283443006E5367 /* Nuke */ = {
			isa = XCSwiftPackageProductDependency;
			package = 34D157E428283443006E5367 /* XCRemoteSwiftPackageReference "Nuke" */;
			productName = Nuke;
		};
/* End XCSwiftPackageProductDependency section */
	};
	rootObject = 344099F22826E19A0065FFC9 /* Project object */;
}
